
Microsoft Visual Studio Solution File, Format Version 12.00
# Visual Studio Version 17
VisualStudioVersion = 17.11.35327.3
MinimumVisualStudioVersion = 10.0.40219.1
Project("{FAE04EC0-301F-11D3-BF4B-00C04F79EFBC}") = "coleghost_ica07", "coleghost_ica07\coleghost_ica07.csproj", "{344F06EA-8700-482B-A722-D90A441FCB89}"
EndProject
Global
	GlobalSection(SolutionConfigurationPlatforms) = preSolution
		Debug|Any CPU = Debug|Any CPU
		Release|Any CPU = Release|Any CPU
	EndGlobalSection
	GlobalSection(ProjectConfigurationPlatforms) = postSolution
		{344F06EA-8700-482B-A722-D90A441FCB89}.Debug|Any CPU.ActiveCfg = Debug|Any CPU
		{344F06EA-8700-482B-A722-D90A441FCB89}.Debug|Any CPU.Build.0 = Debug|Any CPU
		{344F06EA-8700-482B-A722-D90A441FCB89}.Release|Any CPU.ActiveCfg = Release|Any CPU
		{344F06EA-8700-482B-A722-D90A441FCB89}.Release|Any CPU.Build.0 = Release|Any CPU
	EndGlobalSection
	GlobalSection(SolutionProperties) = preSolution
		HideSolutionNode = FALSE
	EndGlobalSection
	GlobalSection(ExtensibilityGlobals) = postSolution
		SolutionGuid = {81498B28-71FC-4CF7-8656-C088B2C8CFC5}
	EndGlobalSection
EndGlobal
